
Microsoft Visual Studio Solution File, Format Version 12.00
# Visual Studio Version 17
VisualStudioVersion = 17.5.002.0
MinimumVisualStudioVersion = 10.0.40219.1
Project("{9A19103F-16F7-4668-BE54-9A1E7A4F7556}") = "UBanner", "UBanner.csproj", "{192C7529-B897-4C91-B281-9F9E7E0DCCF6}"
EndProject
Global
	GlobalSection(SolutionConfigurationPlatforms) = preSolution
		Debug|Any CPU = Debug|Any CPU
		Release|Any CPU = Release|Any CPU
	EndGlobalSection
	GlobalSection(ProjectConfigurationPlatforms) = postSolution
		{192C7529-B897-4C91-B281-9F9E7E0DCCF6}.Debug|Any CPU.ActiveCfg = Debug|Any CPU
		{192C7529-B897-4C91-B281-9F9E7E0DCCF6}.Debug|Any CPU.Build.0 = Debug|Any CPU
		{192C7529-B897-4C91-B281-9F9E7E0DCCF6}.Release|Any CPU.ActiveCfg = Release|Any CPU
		{192C7529-B897-4C91-B281-9F9E7E0DCCF6}.Release|Any CPU.Build.0 = Release|Any CPU
	EndGlobalSection
	GlobalSection(SolutionProperties) = preSolution
		HideSolutionNode = FALSE
	EndGlobalSection
	GlobalSection(ExtensibilityGlobals) = postSolution
		SolutionGuid = {E4E9EEC7-0048-4F1C-A34D-63E3BB571D6F}
	EndGlobalSection
EndGlobal
