
Microsoft Visual Studio Solution File, Format Version 12.00
Project("{FAE04EC0-301F-11D3-BF4B-00C04F79EFBC}") = "CPU7Plus", "CPU7Plus.csproj", "{20F91F47-070D-4E92-A033-32938005DCB2}"
EndProject
Global
	GlobalSection(SolutionConfigurationPlatforms) = preSolution
		Debug|Any CPU = Debug|Any CPU
		Release|Any CPU = Release|Any CPU
	EndGlobalSection
	GlobalSection(ProjectConfigurationPlatforms) = postSolution
		{20F91F47-070D-4E92-A033-32938005DCB2}.Debug|Any CPU.ActiveCfg = Debug|Any CPU
		{20F91F47-070D-4E92-A033-32938005DCB2}.Debug|Any CPU.Build.0 = Debug|Any CPU
		{20F91F47-070D-4E92-A033-32938005DCB2}.Release|Any CPU.ActiveCfg = Release|Any CPU
		{20F91F47-070D-4E92-A033-32938005DCB2}.Release|Any CPU.Build.0 = Release|Any CPU
	EndGlobalSection
EndGlobal
